
Microsoft Visual Studio Solution File, Format Version 12.00
# Visual Studio 15
VisualStudioVersion = 15.0.27428.1
MinimumVisualStudioVersion = 10.0.40219.1
Project("{FAE04EC0-301F-11D3-BF4B-00C04F79EFBC}") = "GameActions", "GameActions.csproj", "{CA080791-011B-40E6-85B6-2ACC196B8DAD}"
EndProject
Global
	GlobalSection(SolutionConfigurationPlatforms) = preSolution
		Debug|Any CPU = Debug|Any CPU
		Release|Any CPU = Release|Any CPU
	EndGlobalSection
	GlobalSection(ProjectConfigurationPlatforms) = postSolution
		{CA080791-011B-40E6-85B6-2ACC196B8DAD}.Debug|Any CPU.ActiveCfg = Debug|Any CPU
		{CA080791-011B-40E6-85B6-2ACC196B8DAD}.Debug|Any CPU.Build.0 = Debug|Any CPU
		{CA080791-011B-40E6-85B6-2ACC196B8DAD}.Release|Any CPU.ActiveCfg = Release|Any CPU
		{CA080791-011B-40E6-85B6-2ACC196B8DAD}.Release|Any CPU.Build.0 = Release|Any CPU
	EndGlobalSection
	GlobalSection(SolutionProperties) = preSolution
		HideSolutionNode = FALSE
	EndGlobalSection
	GlobalSection(ExtensibilityGlobals) = postSolution
		SolutionGuid = {95A49918-D286-4D97-8CD0-2D49148EDF62}
	EndGlobalSection
EndGlobal
